<?xml version="1.0" encoding="utf-8"?>
<Project ToolsVersion="4.0" xmlns="http://schemas.microsoft.com/developer/msbuild/2003">
  <ItemGroup>
    <Filter Include="3rd">
      <UniqueIdentifier>{148400c2-a8e6-4ab9-b763-ef6f990d9f0e}</UniqueIdentifier>
    </Filter>
    <Filter Include="3rd\rpmalloc">
      <UniqueIdentifier>{02d01d62-4abb-43ae-a30a-928893b79746}</UniqueIdentifier>
    </Filter>
    <Filter Include="3rd\glad">
      <UniqueIdentifier>{0cc4df2c-0b76-4aa4-86df-5ac19801c87e}</UniqueIdentifier>
    </Filter>
    <Filter Include="3rd\mappedfile">
      <UniqueIdentifier>{45c26871-3584-4362-aa1c-8e9324ecf724}</UniqueIdentifier>
    </Filter>
    <Filter Include="graphic">
      <UniqueIdentifier>{00c224bf-37d6-4f56-95bf-b88009867fbc}</UniqueIdentifier>
    </Filter>
    <Filter Include="collect">
      <UniqueIdentifier>{21b1c38f-c9ea-45b1-a5b0-558b9ff5d567}</UniqueIdentifier>
    </Filter>
  </ItemGroup>
  <ItemGroup>
    <ClInclude Include="..\3rd\rpmalloc\rpmalloc\rpmalloc.h">
      <Filter>3rd\rpmalloc</Filter>
    </ClInclude>
    <ClInclude Include="..\3rd\glad\glad.h">
      <Filter>3rd\glad</Filter>
    </ClInclude>
    <ClInclude Include="..\3rd\mappedfile\mappedfile.h">
      <Filter>3rd\mappedfile</Filter>
    </ClInclude>
    <ClInclude Include="..\src\config.h" />
    <ClInclude Include="..\src\System.h" />
    <ClInclude Include="..\src\log2.h" />
    <ClInclude Include="..\src\vec.h" />
    <ClInclude Include="..\src\Mat.h" />
    <ClInclude Include="..\3rd\stb_image.h">
      <Filter>3rd</Filter>
    </ClInclude>
    <ClInclude Include="..\src\graphic\shader.h">
      <Filter>graphic</Filter>
    </ClInclude>
    <ClInclude Include="..\src\graphic\material.h">
      <Filter>graphic</Filter>
    </ClInclude>
    <ClInclude Include="..\src\hashtable.h">
      <Filter>collect</Filter>
    </ClInclude>
    <ClInclude Include="..\src\list.h">
      <Filter>collect</Filter>
    </ClInclude>
    <ClInclude Include="..\src\graphic\texture.h">
      <Filter>graphic</Filter>
    </ClInclude>
    <ClInclude Include="..\src\graphic\mesh.h">
      <Filter>graphic</Filter>
    </ClInclude>
  </ItemGroup>
  <ItemGroup>
    <ClCompile Include="..\3rd\rpmalloc\rpmalloc\rpmalloc.c">
      <Filter>3rd\rpmalloc</Filter>
    </ClCompile>
    <ClCompile Include="..\3rd\mappedfile\mappedfile.c">
      <Filter>3rd\mappedfile</Filter>
    </ClCompile>
    <ClCompile Include="..\3rd\glad\glad.c">
      <Filter>3rd\glad</Filter>
    </ClCompile>
  </ItemGroup>
</Project>