<?xml version="1.0" encoding="utf-8"?>
<Project ToolsVersion="4.0" xmlns="http://schemas.microsoft.com/developer/msbuild/2003">
  <ItemGroup>
    <ClCompile Include="..\Test\test.c" />
    <ClCompile Include="..\Test\func\glfw_test.c">
      <Filter>func</Filter>
    </ClCompile>
    <ClCompile Include="..\Test\func\hstable_test.c">
      <Filter>func</Filter>
    </ClCompile>
    <ClCompile Include="..\Test\func\list_test.c">
      <Filter>func</Filter>
    </ClCompile>
    <ClCompile Include="..\Test\func\log2_test.c">
      <Filter>func</Filter>
    </ClCompile>
    <ClCompile Include="..\Test\func\mat_test.c">
      <Filter>func</Filter>
    </ClCompile>
    <ClCompile Include="..\Test\func\mem_test.c">
      <Filter>func</Filter>
    </ClCompile>
    <ClCompile Include="..\Test\func\misc.c">
      <Filter>func</Filter>
    </ClCompile>
    <ClCompile Include="..\Test\func\type.c">
      <Filter>func</Filter>
    </ClCompile>
    <ClCompile Include="..\Test\func\vec_test.c">
      <Filter>func</Filter>
    </ClCompile>
    <ClCompile Include="..\Test\func\nuklear_test.c">
      <Filter>func</Filter>
    </ClCompile>
    <ClCompile Include="..\Test\func\string_test.c">
      <Filter>func</Filter>
    </ClCompile>
  </ItemGroup>
  <ItemGroup>
    <ClInclude Include="..\Test\test.h" />
  </ItemGroup>
  <ItemGroup>
    <Filter Include="func">
      <UniqueIdentifier>{b393af86-987b-4ba4-bae6-6aaec58d975b}</UniqueIdentifier>
    </Filter>
    <Filter Include="func\leetcode">
      <UniqueIdentifier>{b99d8325-f78f-4655-82a2-1e1ef796a45c}</UniqueIdentifier>
    </Filter>
  </ItemGroup>
</Project>